{
  "name": "upm-pfe",
  "version": "1.0.0",
  "lockfileVersion": 1,
  "requires": true,
  "dependencies": {
    "@fullcalendar/core": {
      "version": "6.1.6",
      "resolved": "https://registry.npmjs.org/@fullcalendar/core/-/core-6.1.6.tgz",
      "integrity": "sha512-Q/3pWgOv7qr/eVpuDz+05jxJZSg7Fdwh4XgQP8DlJFLp5aLlOiiKdkTUIO1BX7clQtYTm8P0v7FqMKbsFiQInw==",
      "requires": {
        "preact": "~10.12.1"
      }
    },
    "@fullcalendar/daygrid": {
      "version": "6.1.6",
      "resolved": "https://registry.npmjs.org/@fullcalendar/daygrid/-/daygrid-6.1.6.tgz",
      "integrity": "sha512-HKxprePWXRyg1Shn7p0CWgggFZVwvs+Pg0Z9uSvx6a58wP1yTbOoJHhSVv5CDsfjnq1a0y6DsJbPP/V2LDl6bg=="
    },
    "@fullcalendar/interaction": {
      "version": "6.1.6",
      "resolved": "https://registry.npmjs.org/@fullcalendar/interaction/-/interaction-6.1.6.tgz",
      "integrity": "sha512-6TjKbDHOkF3C9hIzIhxiTX5FCmNcaCeRk5CeKXHZiIi1Y8gQwIkUkwcZps5uj7PIvb3wNVw8FbF+RNRoloPUqQ=="
    },
    "@fullcalendar/list": {
      "version": "6.1.6",
      "resolved": "https://registry.npmjs.org/@fullcalendar/list/-/list-6.1.6.tgz",
      "integrity": "sha512-1zWDrVqQxQl/DLHIhLtig1iz/Gnh7hyOe4gEHSg169Om/+wYf8MRgFy8bGBqIFP2eS3Rk7mY3HVLvrkBxmR+wg=="
    },
    "@fullcalendar/multimonth": {
      "version": "6.1.6",
      "resolved": "https://registry.npmjs.org/@fullcalendar/multimonth/-/multimonth-6.1.6.tgz",
      "integrity": "sha512-e/BGKTbVC00QFwkk3olKEYzkV+8sTFCxy6/oKm2CCfDKoWuu9jkCf5fgGhiflZ0Y7V0CLQzADuuZsFIxz9DDJA==",
      "requires": {
        "@fullcalendar/daygrid": "~6.1.6"
      }
    },
    "@fullcalendar/timegrid": {
      "version": "6.1.6",
      "resolved": "https://registry.npmjs.org/@fullcalendar/timegrid/-/timegrid-6.1.6.tgz",
      "integrity": "sha512-WqiGGmzNJeeIt4QjXuBlYTGHp4B+OUb7pYwREt1fer+9keNyG7dd48367pBdia8USk9B3Ep2oHC0aGypJGUFdA==",
      "requires": {
        "@fullcalendar/daygrid": "~6.1.6"
      }
    },
    "bootstrap": {
      "version": "5.2.3",
      "resolved": "https://registry.npmjs.org/bootstrap/-/bootstrap-5.2.3.tgz",
      "integrity": "sha512-cEKPM+fwb3cT8NzQZYEu4HilJ3anCrWqh3CHAok1p9jXqMPsPTBhU25fBckEJHJ/p+tTxTFTsFQGM+gaHpi3QQ=="
    },
    "datatables.net": {
      "version": "1.13.4",
      "resolved": "https://registry.npmjs.org/datatables.net/-/datatables.net-1.13.4.tgz",
      "integrity": "sha512-yzhArTOB6tPO2QFKm1z3hA4vabtt2hRvgw8XLsT1xqEirinfGYqWDiWXlkTPTaJv2e7gG+Kf985sXkzBFlGrGQ==",
      "requires": {
        "jquery": ">=1.7"
      }
    },
    "dompurify": {
      "version": "3.0.1",
      "resolved": "https://registry.npmjs.org/dompurify/-/dompurify-3.0.1.tgz",
      "integrity": "sha512-60tsgvPKwItxZZdfLmamp0MTcecCta3avOhsLgPZ0qcWt96OasFfhkeIRbJ6br5i0fQawT1/RBGB5L58/Jpwuw=="
    },
    "fullcalendar": {
      "version": "6.1.6",
      "resolved": "https://registry.npmjs.org/fullcalendar/-/fullcalendar-6.1.6.tgz",
      "integrity": "sha512-lVdpPmL5cGXFO6IF/HCMYezQ82mg3G1FjIH9UOsXYzCvnFymFwDNGHCRrhtgPnmjIkC2CNTqSwf4RzXoVYUoSA==",
      "requires": {
        "@fullcalendar/core": "~6.1.6",
        "@fullcalendar/daygrid": "~6.1.6",
        "@fullcalendar/interaction": "~6.1.6",
        "@fullcalendar/list": "~6.1.6",
        "@fullcalendar/multimonth": "~6.1.6",
        "@fullcalendar/timegrid": "~6.1.6"
      }
    },
    "jquery": {
      "version": "3.6.3",
      "resolved": "https://registry.npmjs.org/jquery/-/jquery-3.6.3.tgz",
      "integrity": "sha512-bZ5Sy3YzKo9Fyc8wH2iIQK4JImJ6R0GWI9kL1/k7Z91ZBNgkRXE6U0JfHIizZbort8ZunhSI3jw9I6253ahKfg=="
    },
    "moment": {
      "version": "2.29.4",
      "resolved": "https://registry.npmjs.org/moment/-/moment-2.29.4.tgz",
      "integrity": "sha512-5LC9SOxjSc2HF6vO2CyuTDNivEdoz2IvyJJGj6X8DJ0eFyfszE0QiEd+iXmBvUP3WHxSjFH/vIsA0EN00cgr8w=="
    },
    "normalize.css": {
      "version": "8.0.1",
      "resolved": "https://registry.npmjs.org/normalize.css/-/normalize.css-8.0.1.tgz",
      "integrity": "sha512-qizSNPO93t1YUuUhP22btGOo3chcvDFqFaj2TRybP0DMxkHOCTYwp3n34fel4a31ORXy4m1Xq0Gyqpb5m33qIg=="
    },
    "preact": {
      "version": "10.12.1",
      "resolved": "https://registry.npmjs.org/preact/-/preact-10.12.1.tgz",
      "integrity": "sha512-l8386ixSsBdbreOAkqtrwqHwdvR35ID8c3rKPa8lCWuO86dBi32QWHV4vfsZK1utLLFMvw+Z5Ad4XLkZzchscg=="
    },
    "ssr-window": {
      "version": "4.0.2",
      "resolved": "https://registry.npmjs.org/ssr-window/-/ssr-window-4.0.2.tgz",
      "integrity": "sha512-ISv/Ch+ig7SOtw7G2+qkwfVASzazUnvlDTwypdLoPoySv+6MqlOV10VwPSE6EWkGjhW50lUmghPmpYZXMu/+AQ=="
    },
    "swiper": {
      "version": "9.2.0",
      "resolved": "https://registry.npmjs.org/swiper/-/swiper-9.2.0.tgz",
      "integrity": "sha512-lWK9toYumUQss+YuTL+Mt0+8twiMJEyzioER4bbS4rrGHlkeLrDM8uhtAmnpdijELrNscuNUujDgKoMQZfQGlQ==",
      "requires": {
        "ssr-window": "^4.0.2"
      }
    },
    "toastr": {
      "version": "2.1.4",
      "resolved": "https://registry.npmjs.org/toastr/-/toastr-2.1.4.tgz",
      "integrity": "sha512-LIy77F5n+sz4tefMmFOntcJ6HL0Fv3k1TDnNmFZ0bU/GcvIIfy6eG2v7zQmMiYgaalAiUv75ttFrPn5s0gyqlA==",
      "requires": {
        "jquery": ">=1.12.0"
      }
    },
    "zuck.js": {
      "version": "2.0.4",
      "resolved": "https://registry.npmjs.org/zuck.js/-/zuck.js-2.0.4.tgz",
      "integrity": "sha512-0l4BpSYVjhEUhzOn7u/1tOTB/NLl/zP7wVnVArDj8cUr7eJ2H7sLtsxgjv/rRKRTPENSx/reJzdGHhtdbkSSnQ=="
    }
  }
}
